// !$*UTF8*$!
{
	archiveVersion = 1;
	classes = {
	};
	objectVersion = 46;
	objects = {

/* Begin PBXBuildFile section */
		32223C8A1A11BD730091EC02 /* AppDelegate.swift in Sources */ = {isa = PBXBuildFile; fileRef = 32223C891A11BD730091EC02 /* AppDelegate.swift */; };
		32223C8C1A11BD730091EC02 /* ViewController.swift in Sources */ = {isa = PBXBuildFile; fileRef = 32223C8B1A11BD730091EC02 /* ViewController.swift */; };
		32223C8F1A11BD730091EC02 /* Main.storyboard in Resources */ = {isa = PBXBuildFile; fileRef = 32223C8D1A11BD730091EC02 /* Main.storyboard */; };
		32223C911A11BD730091EC02 /* Images.xcassets in Resources */ = {isa = PBXBuildFile; fileRef = 32223C901A11BD730091EC02 /* Images.xcassets */; };
		32223C941A11BD730091EC02 /* LaunchScreen.xib in Resources */ = {isa = PBXBuildFile; fileRef = 32223C921A11BD730091EC02 /* LaunchScreen.xib */; };
		32223CA01A11BD740091EC02 /* autoLayoutDemoTests.swift in Sources */ = {isa = PBXBuildFile; fileRef = 32223C9F1A11BD740091EC02 /* autoLayoutDemoTests.swift */; };
/* End PBXBuildFile section */

/* Begin PBXContainerItemProxy section */
		32223C9A1A11BD740091EC02 /* PBXContainerItemProxy */ = {
			isa = PBXContainerItemProxy;
			containerPortal = 32223C7C1A11BD730091EC02 /* Project object */;
			proxyType = 1;
			remoteGlobalIDString = 32223C831A11BD730091EC02;
			remoteInfo = autoLayoutDemo;
		};
/* End PBXContainerItemProxy section */

/* Begin PBXFileReference section */
		32223C841A11BD730091EC02 /* autoLayoutDemo.app */ = {isa = PBXFileReference; explicitFileType = wrapper.application; includeInIndex = 0; path = autoLayoutDemo.app; sourceTree = BUILT_PRODUCTS_DIR; };
		32223C881A11BD730091EC02 /* Info.plist */ = {isa = PBXFileReference; lastKnownFileType = text.plist.xml; path = Info.plist; sourceTree = "<group>"; };
		32223C891A11BD730091EC02 /* AppDelegate.swift */ = {isa = PBXFileReference; lastKnownFileType = sourcecode.swift; path = AppDelegate.swift; sourceTree = "<group>"; };
		32223C8B1A11BD730091EC02 /* ViewController.swift */ = {isa = PBXFileReference; lastKnownFileType = sourcecode.swift; path = ViewController.swift; sourceTree = "<group>"; };
		32223C8E1A11BD730091EC02 /* Base */ = {isa = PBXFileReference; lastKnownFileType = file.storyboard; name = Base; path = Base.lproj/Main.storyboard; sourceTree = "<group>"; };
		32223C901A11BD730091EC02 /* Images.xcassets */ = {isa = PBXFileReference; lastKnownFileType = folder.assetcatalog; path = Images.xcassets; sourceTree = "<group>"; };
		32223C931A11BD730091EC02 /* Base */ = {isa = PBXFileReference; lastKnownFileType = file.xib; name = Base; path = Base.lproj/LaunchScreen.xib; sourceTree = "<group>"; };
		32223C991A11BD740091EC02 /* autoLayoutDemoTests.xctest */ = {isa = PBXFileReference; explicitFileType = wrapper.cfbundle; includeInIndex = 0; path = autoLayoutDemoTests.xctest; sourceTree = BUILT_PRODUCTS_DIR; };
		32223C9E1A11BD740091EC02 /* Info.plist */ = {isa = PBXFileReference; lastKnownFileType = text.plist.xml; path = Info.plist; sourceTree = "<group>"; };
		32223C9F1A11BD740091EC02 /* autoLayoutDemoTests.swift */ = {isa = PBXFileReference; lastKnownFileType = sourcecode.swift; path = autoLayoutDemoTests.swift; sourceTree = "<group>"; };
/* End PBXFileReference section */

/* Begin PBXFrameworksBuildPhase section */
		32223C811A11BD730091EC02 /* Frameworks */ = {
			isa = PBXFrameworksBuildPhase;
			buildActionMask = 2147483647;
			files = (
			);
			runOnlyForDeploymentPostprocessing = 0;
		};
		32223C961A11BD740091EC02 /* Frameworks */ = {
			isa = PBXFrameworksBuildPhase;
			buildActionMask = 2147483647;
			files = (
			);
			runOnlyForDeploymentPostprocessing = 0;
		};
/* End PBXFrameworksBuildPhase section */

/* Begin PBXGroup section */
		32223C7B1A11BD730091EC02 = {
			isa = PBXGroup;
			children = (
				32223C861A11BD730091EC02 /* autoLayoutDemo */,
				32223C9C1A11BD740091EC02 /* autoLayoutDemoTests */,
				32223C851A11BD730091EC02 /* Products */,
			);
			sourceTree = "<group>";
		};
		32223C851A11BD730091EC02 /* Products */ = {
			isa = PBXGroup;
			children = (
				32223C841A11BD730091EC02 /* autoLayoutDemo.app */,
				32223C991A11BD740091EC02 /* autoLayoutDemoTests.xctest */,
			);
			name = Products;
			sourceTree = "<group>";
		};
		32223C861A11BD730091EC02 /* autoLayoutDemo */ = {
			isa = PBXGroup;
			children = (
				32223C891A11BD730091EC02 /* AppDelegate.swift */,
				32223C8B1A11BD730091EC02 /* ViewController.swift */,
				32223C8D1A11BD730091EC02 /* Main.storyboard */,
				32223C901A11BD730091EC02 /* Images.xcassets */,
				32223C921A11BD730091EC02 /* LaunchScreen.xib */,
				32223C871A11BD730091EC02 /* Supporting Files */,
			);
			path = autoLayoutDemo;
			sourceTree = "<group>";
		};
		32223C871A11BD730091EC02 /* Supporting Files */ = {
			isa = PBXGroup;
			children = (
				32223C881A11BD730091EC02 /* Info.plist */,
			);
			name = "Supporting Files";
			sourceTree = "<group>";
		};
		32223C9C1A11BD740091EC02 /* autoLayoutDemoTests */ = {
			isa = PBXGroup;
			children = (
				32223C9F1A11BD740091EC02 /* autoLayoutDemoTests.swift */,
				32223C9D1A11BD740091EC02 /* Supporting Files */,
			);
			path = autoLayoutDemoTests;
			sourceTree = "<group>";
		};
		32223C9D1A11BD740091EC02 /* Supporting Files */ = {
			isa = PBXGroup;
			children = (
				32223C9E1A11BD740091EC02 /* Info.plist */,
			);
			name = "Supporting Files";
			sourceTree = "<group>";
		};
/* End PBXGroup section */

/* Begin PBXNativeTarget section */
		32223C831A11BD730091EC02 /* autoLayoutDemo */ = {
			isa = PBXNativeTarget;
			buildConfigurationList = 32223CA31A11BD740091EC02 /* Build configuration list for PBXNativeTarget "autoLayoutDemo" */;
			buildPhases = (
				32223C801A11BD730091EC02 /* Sources */,
				32223C811A11BD730091EC02 /* Frameworks */,
				32223C821A11BD730091EC02 /* Resources */,
			);
			buildRules = (
			);
			dependencies = (
			);
			name = autoLayoutDemo;
			productName = autoLayoutDemo;
			productReference = 32223C841A11BD730091EC02 /* autoLayoutDemo.app */;
			productType = "com.apple.product-type.application";
		};
		32223C981A11BD740091EC02 /* autoLayoutDemoTests */ = {
			isa = PBXNativeTarget;
			buildConfigurationList = 32223CA61A11BD740091EC02 /* Build configuration list for PBXNativeTarget "autoLayoutDemoTests" */;
			buildPhases = (
				32223C951A11BD740091EC02 /* Sources */,
				32223C961A11BD740091EC02 /* Frameworks */,
				32223C971A11BD740091EC02 /* Resources */,
			);
			buildRules = (
			);
			dependencies = (
				32223C9B1A11BD740091EC02 /* PBXTargetDependency */,
			);
			name = autoLayoutDemoTests;
			productName = autoLayoutDemoTests;
			productReference = 32223C991A11BD740091EC02 /* autoLayoutDemoTests.xctest */;
			productType = "com.apple.product-type.bundle.unit-test";
		};
/* End PBXNativeTarget section */

/* Begin PBXProject section */
		32223C7C1A11BD730091EC02 /* Project object */ = {
			isa = PBXProject;
			attributes = {
				LastUpgradeCheck = 0610;
				ORGANIZATIONNAME = "RYAN CHRISTENSEN";
				TargetAttributes = {
					32223C831A11BD730091EC02 = {
						CreatedOnToolsVersion = 6.1;
					};
					32223C981A11BD740091EC02 = {
						CreatedOnToolsVersion = 6.1;
						TestTargetID = 32223C831A11BD730091EC02;
					};
				};
			};
			buildConfigurationList = 32223C7F1A11BD730091EC02 /* Build configuration list for PBXProject "autoLayoutDemo" */;
			compatibilityVersion = "Xcode 3.2";
			developmentRegion = English;
			hasScannedForEncodings = 0;
			knownRegions = (
				en,
				Base,
			);
			mainGroup = 32223C7B1A11BD730091EC02;
			productRefGroup = 32223C851A11BD730091EC02 /* Products */;
			projectDirPath = "";
			projectRoot = "";
			targets = (
				32223C831A11BD730091EC02 /* autoLayoutDemo */,
				32223C981A11BD740091EC02 /* autoLayoutDemoTests */,
			);
		};
/* End PBXProject section */

/* Begin PBXResourcesBuildPhase section */
		32223C821A11BD730091EC02 /* Resources */ = {
			isa = PBXResourcesBuildPhase;
			buildActionMask = 2147483647;
			files = (
				32223C8F1A11BD730091EC02 /* Main.storyboard in Resources */,
				32223C941A11BD730091EC02 /* LaunchScreen.xib in Resources */,
				32223C911A11BD730091EC02 /* Images.xcassets in Resources */,
			);
			runOnlyForDeploymentPostprocessing = 0;
		};
		32223C971A11BD740091EC02 /* Resources */ = {
			isa = PBXResourcesBuildPhase;
			buildActionMask = 2147483647;
			files = (
			);
			runOnlyForDeploymentPostprocessing = 0;
		};
/* End PBXResourcesBuildPhase section */

/* Begin PBXSourcesBuildPhase section */
		32223C801A11BD730091EC02 /* Sources */ = {
			isa = PBXSourcesBuildPhase;
			buildActionMask = 2147483647;
			files = (
				32223C8C1A11BD730091EC02 /* ViewController.swift in Sources */,
				32223C8A1A11BD730091EC02 /* AppDelegate.swift in Sources */,
			);
			runOnlyForDeploymentPostprocessing = 0;
		};
		32223C951A11BD740091EC02 /* Sources */ = {
			isa = PBXSourcesBuildPhase;
			buildActionMask = 2147483647;
			files = (
				32223CA01A11BD740091EC02 /* autoLayoutDemoTests.swift in Sources */,
			);
			runOnlyForDeploymentPostprocessing = 0;
		};
/* End PBXSourcesBuildPhase section */

/* Begin PBXTargetDependency section */
		32223C9B1A11BD740091EC02 /* PBXTargetDependency */ = {
			isa = PBXTargetDependency;
			target = 32223C831A11BD730091EC02 /* autoLayoutDemo */;
			targetProxy = 32223C9A1A11BD740091EC02 /* PBXContainerItemProxy */;
		};
/* End PBXTargetDependency section */

/* Begin PBXVariantGroup section */
		32223C8D1A11BD730091EC02 /* Main.storyboard */ = {
			isa = PBXVariantGroup;
			children = (
				32223C8E1A11BD730091EC02 /* Base */,
			);
			name = Main.storyboard;
			sourceTree = "<group>";
		};
		32223C921A11BD730091EC02 /* LaunchScreen.xib */ = {
			isa = PBXVariantGroup;
			children = (
				32223C931A11BD730091EC02 /* Base */,
			);
			name = LaunchScreen.xib;
			sourceTree = "<group>";
		};
/* End PBXVariantGroup section */

/* Begin XCBuildConfiguration section */
		32223CA11A11BD740091EC02 /* Debug */ = {
			isa = XCBuildConfiguration;
			buildSettings = {
				ALWAYS_SEARCH_USER_PATHS = NO;
				CLANG_CXX_LANGUAGE_STANDARD = "gnu++0x";
				CLANG_CXX_LIBRARY = "libc++";
				CLANG_ENABLE_MODULES = YES;
				CLANG_ENABLE_OBJC_ARC = YES;
				CLANG_WARN_BOOL_CONVERSION = YES;
				CLANG_WARN_CONSTANT_CONVERSION = YES;
				CLANG_WARN_DIRECT_OBJC_ISA_USAGE = YES_ERROR;
				CLANG_WARN_EMPTY_BODY = YES;
				CLANG_WARN_ENUM_CONVERSION = YES;
				CLANG_WARN_INT_CONVERSION = YES;
				CLANG_WARN_OBJC_ROOT_CLASS = YES_ERROR;
				CLANG_WARN_UNREACHABLE_CODE = YES;
				CLANG_WARN__DUPLICATE_METHOD_MATCH = YES;
				"CODE_SIGN_IDENTITY[sdk=iphoneos*]" = "iPhone Developer";
				COPY_PHASE_STRIP = NO;
				ENABLE_STRICT_OBJC_MSGSEND = YES;
				GCC_C_LANGUAGE_STANDARD = gnu99;
				GCC_DYNAMIC_NO_PIC = NO;
				GCC_OPTIMIZATION_LEVEL = 0;
				GCC_PREPROCESSOR_DEFINITIONS = (
					"DEBUG=1",
					"$(inherited)",
				);
				GCC_SYMBOLS_PRIVATE_EXTERN = NO;
				GCC_WARN_64_TO_32_BIT_CONVERSION = YES;
				GCC_WARN_ABOUT_RETURN_TYPE = YES_ERROR;
				GCC_WARN_UNDECLARED_SELECTOR = YES;
				GCC_WARN_UNINITIALIZED_AUTOS = YES_AGGRESSIVE;
				GCC_WARN_UNUSED_FUNCTION = YES;
				GCC_WARN_UNUSED_VARIABLE = YES;
				IPHONEOS_DEPLOYMENT_TARGET = 8.1;
				MTL_ENABLE_DEBUG_INFO = YES;
				ONLY_ACTIVE_ARCH = YES;
				SDKROOT = iphoneos;
				SWIFT_OPTIMIZATION_LEVEL = "-Onone";
				TARGETED_DEVICE_FAMILY = "1,2";
			};
			name = Debug;
		};
		32223CA21A11BD740091EC02 /* Release */ = {
			isa = XCBuildConfiguration;
			buildSettings = {
				ALWAYS_SEARCH_USER_PATHS = NO;
				CLANG_CXX_LANGUAGE_STANDARD = "gnu++0x";
				CLANG_CXX_LIBRARY = "libc++";
				CLANG_ENABLE_MODULES = YES;
				CLANG_ENABLE_OBJC_ARC = YES;
				CLANG_WARN_BOOL_CONVERSION = YES;
				CLANG_WARN_CONSTANT_CONVERSION = YES;
				CLANG_WARN_DIRECT_OBJC_ISA_USAGE = YES_ERROR;
				CLANG_WARN_EMPTY_BODY = YES;
				CLANG_WARN_ENUM_CONVERSION = YES;
				CLANG_WARN_INT_CONVERSION = YES;
				CLANG_WARN_OBJC_ROOT_CLASS = YES_ERROR;
				CLANG_WARN_UNREACHABLE_CODE = YES;
				CLANG_WARN__DUPLICATE_METHOD_MATCH = YES;
				"CODE_SIGN_IDENTITY[sdk=iphoneos*]" = "iPhone Developer";
				COPY_PHASE_STRIP = YES;
				ENABLE_NS_ASSERTIONS = NO;
				ENABLE_STRICT_OBJC_MSGSEND = YES;
				GCC_C_LANGUAGE_STANDARD = gnu99;
				GCC_WARN_64_TO_32_BIT_CONVERSION = YES;
				GCC_WARN_ABOUT_RETURN_TYPE = YES_ERROR;
				GCC_WARN_UNDECLARED_SELECTOR = YES;
				GCC_WARN_UNINITIALIZED_AUTOS = YES_AGGRESSIVE;
				GCC_WARN_UNUSED_FUNCTION = YES;
				GCC_WARN_UNUSED_VARIABLE = YES;
				IPHONEOS_DEPLOYMENT_TARGET = 8.1;
				MTL_ENABLE_DEBUG_INFO = NO;
				SDKROOT = iphoneos;
				TARGETED_DEVICE_FAMILY = "1,2";
				VALIDATE_PRODUCT = YES;
			};
			name = Release;
		};
		32223CA41A11BD740091EC02 /* Debug */ = {
			isa = XCBuildConfiguration;
			buildSettings = {
				ASSETCATALOG_COMPILER_APPICON_NAME = AppIcon;
				INFOPLIST_FILE = autoLayoutDemo/Info.plist;
				LD_RUNPATH_SEARCH_PATHS = "$(inherited) @executable_path/Frameworks";
				PRODUCT_NAME = "$(TARGET_NAME)";
			};
			name = Debug;
		};
		32223CA51A11BD740091EC02 /* Release */ = {
			isa = XCBuildConfiguration;
			buildSettings = {
				ASSETCATALOG_COMPILER_APPICON_NAME = AppIcon;
				INFOPLIST_FILE = autoLayoutDemo/Info.plist;
				LD_RUNPATH_SEARCH_PATHS = "$(inherited) @executable_path/Frameworks";
				PRODUCT_NAME = "$(TARGET_NAME)";
			};
			name = Release;
		};
		32223CA71A11BD740091EC02 /* Debug */ = {
			isa = XCBuildConfiguration;
			buildSettings = {
				BUNDLE_LOADER = "$(TEST_HOST)";
				FRAMEWORK_SEARCH_PATHS = (
					"$(SDKROOT)/Developer/Library/Frameworks",
					"$(inherited)",
				);
				GCC_PREPROCESSOR_DEFINITIONS = (
					"DEBUG=1",
					"$(inherited)",
				);
				INFOPLIST_FILE = autoLayoutDemoTests/Info.plist;
				LD_RUNPATH_SEARCH_PATHS = "$(inherited) @executable_path/Frameworks @loader_path/Frameworks";
				PRODUCT_NAME = "$(TARGET_NAME)";
				TEST_HOST = "$(BUILT_PRODUCTS_DIR)/autoLayoutDemo.app/autoLayoutDemo";
			};
			name = Debug;
		};
		32223CA81A11BD740091EC02 /* Release */ = {
			isa = XCBuildConfiguration;
			buildSettings = {
				BUNDLE_LOADER = "$(TEST_HOST)";
				FRAMEWORK_SEARCH_PATHS = (
					"$(SDKROOT)/Developer/Library/Frameworks",
					"$(inherited)",
				);
				INFOPLIST_FILE = autoLayoutDemoTests/Info.plist;
				LD_RUNPATH_SEARCH_PATHS = "$(inherited) @executable_path/Frameworks @loader_path/Frameworks";
				PRODUCT_NAME = "$(TARGET_NAME)";
				TEST_HOST = "$(BUILT_PRODUCTS_DIR)/autoLayoutDemo.app/autoLayoutDemo";
			};
			name = Release;
		};
/* End XCBuildConfiguration section */

/* Begin XCConfigurationList section */
		32223C7F1A11BD730091EC02 /* Build configuration list for PBXProject "autoLayoutDemo" */ = {
			isa = XCConfigurationList;
			buildConfigurations = (
				32223CA11A11BD740091EC02 /* Debug */,
				32223CA21A11BD740091EC02 /* Release */,
			);
			defaultConfigurationIsVisible = 0;
			defaultConfigurationName = Release;
		};
		32223CA31A11BD740091EC02 /* Build configuration list for PBXNativeTarget "autoLayoutDemo" */ = {
			isa = XCConfigurationList;
			buildConfigurations = (
				32223CA41A11BD740091EC02 /* Debug */,
				32223CA51A11BD740091EC02 /* Release */,
			);
			defaultConfigurationIsVisible = 0;
		};
		32223CA61A11BD740091EC02 /* Build configuration list for PBXNativeTarget "autoLayoutDemoTests" */ = {
			isa = XCConfigurationList;
			buildConfigurations = (
				32223CA71A11BD740091EC02 /* Debug */,
				32223CA81A11BD740091EC02 /* Release */,
			);
			defaultConfigurationIsVisible = 0;
		};
/* End XCConfigurationList section */
	};
	rootObject = 32223C7C1A11BD730091EC02 /* Project object */;
}
